{
  "name": "personal_web_profile",
  "version": "1.0.0",
  "lockfileVersion": 2,
  "requires": true,
  "packages": {
    "": {
      "name": "personal_web_profile",
      "version": "1.0.0",
      "license": "ISC",
      "dependencies": {
        "personal_web_profile": "file:"
      }
    },
    "node_modules/personal_web_profile": {
      "resolved": "",
      "link": true
    }
  },
  "dependencies": {
    "personal_web_profile": {
      "version": "file:",
      "requires": {
        "personal_web_profile": "file:"
      }
    }
  }
}
